
Microsoft Visual Studio Solution File, Format Version 12.00
# Visual Studio Version 17
VisualStudioVersion = 17.2.32630.192
MinimumVisualStudioVersion = 10.0.40219.1
Project("{9A19103F-16F7-4668-BE54-9A1E7A4F7556}") = "BookListRazor", "BookListRazor\BookListRazor.csproj", "{9E19F5F2-7A2B-47AC-ACE3-D2CCF73C997F}"
EndProject
Global
	GlobalSection(SolutionConfigurationPlatforms) = preSolution
		Debug|Any CPU = Debug|Any CPU
		Release|Any CPU = Release|Any CPU
	EndGlobalSection
	GlobalSection(ProjectConfigurationPlatforms) = postSolution
		{9E19F5F2-7A2B-47AC-ACE3-D2CCF73C997F}.Debug|Any CPU.ActiveCfg = Debug|Any CPU
		{9E19F5F2-7A2B-47AC-ACE3-D2CCF73C997F}.Debug|Any CPU.Build.0 = Debug|Any CPU
		{9E19F5F2-7A2B-47AC-ACE3-D2CCF73C997F}.Release|Any CPU.ActiveCfg = Release|Any CPU
		{9E19F5F2-7A2B-47AC-ACE3-D2CCF73C997F}.Release|Any CPU.Build.0 = Release|Any CPU
	EndGlobalSection
	GlobalSection(SolutionProperties) = preSolution
		HideSolutionNode = FALSE
	EndGlobalSection
	GlobalSection(ExtensibilityGlobals) = postSolution
		SolutionGuid = {F2DAB114-FE63-4F2C-A68C-FA1DA76387B5}
	EndGlobalSection
EndGlobal
